
Microsoft Visual Studio Solution File, Format Version 12.00
# Visual Studio Version 17
VisualStudioVersion = 17.12.35506.116
MinimumVisualStudioVersion = 10.0.40219.1
Project("{2150E333-8FDC-42A3-9474-1A3956D46DE8}") = "Services", "Services", "{157EBCF8-5250-4FEE-A137-0F05261C7601}"
EndProject
Project("{2150E333-8FDC-42A3-9474-1A3956D46DE8}") = "Patient", "Patient", "{084814A4-3082-4BD6-8217-7ED194127E29}"
EndProject
Project("{FAE04EC0-301F-11D3-BF4B-00C04F79EFBC}") = "Hospital.Patient", "Services\Patient\Hospital.Patient\Hospital.Patient.csproj", "{4885796F-C653-4025-A068-896A930341CB}"
EndProject
Project("{2150E333-8FDC-42A3-9474-1A3956D46DE8}") = "Employee", "Employee", "{3602DEAD-7F14-4113-B148-AD2D78480FD9}"
EndProject
Project("{FAE04EC0-301F-11D3-BF4B-00C04F79EFBC}") = "Hospital.Employee", "..\Services\Hospital-MicroserviceProject\Hospital.Employee\Hospital.Employee.csproj", "{C6929132-1774-4223-9D48-577270572923}"
EndProject
Project("{2150E333-8FDC-42A3-9474-1A3956D46DE8}") = "Prescription", "Prescription", "{4CADA572-06D0-4BAF-A6AF-FA4D1E552C62}"
EndProject
Project("{FAE04EC0-301F-11D3-BF4B-00C04F79EFBC}") = "Hospital.Prescription", "Services\Prescription\Hospital.Prescription\Hospital.Prescription.csproj", "{E91F2E2C-F910-4DA2-A78D-4C59FE037339}"
EndProject
Project("{2150E333-8FDC-42A3-9474-1A3956D46DE8}") = "IdentityServer", "IdentityServer", "{64AFC729-DB49-4254-BD82-89B61D1BC185}"
EndProject
Project("{FAE04EC0-301F-11D3-BF4B-00C04F79EFBC}") = "IdentityServer", "IdentityServer\IdentityServer.csproj", "{C8AF7215-8193-4080-87D5-411D7377D21F}"
EndProject
Project("{2150E333-8FDC-42A3-9474-1A3956D46DE8}") = "Review", "Review", "{8EDFA406-B17D-477E-BB7D-D49AA187EE4D}"
EndProject
Project("{FAE04EC0-301F-11D3-BF4B-00C04F79EFBC}") = "Hospital.Review", "Services\Review\Hospital.Review\Hospital.Review.csproj", "{9F79D421-5BE8-4997-A02C-117936B27E1D}"
EndProject
Project("{2150E333-8FDC-42A3-9474-1A3956D46DE8}") = "APIGateway", "APIGateway", "{E0728A22-A7E1-400F-B289-214ACF45ABC3}"
EndProject
Project("{FAE04EC0-301F-11D3-BF4B-00C04F79EFBC}") = "Hospital.OcelotGateway", "APIGateway\Hospital.OcelotGateway\Hospital.OcelotGateway.csproj", "{ED51C58B-5B96-4730-BE5D-D0969DF6CB7F}"
EndProject
Global
	GlobalSection(SolutionConfigurationPlatforms) = preSolution
		Debug|Any CPU = Debug|Any CPU
		Release|Any CPU = Release|Any CPU
	EndGlobalSection
	GlobalSection(ProjectConfigurationPlatforms) = postSolution
		{4885796F-C653-4025-A068-896A930341CB}.Debug|Any CPU.ActiveCfg = Debug|Any CPU
		{4885796F-C653-4025-A068-896A930341CB}.Debug|Any CPU.Build.0 = Debug|Any CPU
		{4885796F-C653-4025-A068-896A930341CB}.Release|Any CPU.ActiveCfg = Release|Any CPU
		{4885796F-C653-4025-A068-896A930341CB}.Release|Any CPU.Build.0 = Release|Any CPU
		{C6929132-1774-4223-9D48-577270572923}.Debug|Any CPU.ActiveCfg = Debug|Any CPU
		{C6929132-1774-4223-9D48-577270572923}.Debug|Any CPU.Build.0 = Debug|Any CPU
		{C6929132-1774-4223-9D48-577270572923}.Release|Any CPU.ActiveCfg = Release|Any CPU
		{C6929132-1774-4223-9D48-577270572923}.Release|Any CPU.Build.0 = Release|Any CPU
		{E91F2E2C-F910-4DA2-A78D-4C59FE037339}.Debug|Any CPU.ActiveCfg = Debug|Any CPU
		{E91F2E2C-F910-4DA2-A78D-4C59FE037339}.Debug|Any CPU.Build.0 = Debug|Any CPU
		{E91F2E2C-F910-4DA2-A78D-4C59FE037339}.Release|Any CPU.ActiveCfg = Release|Any CPU
		{E91F2E2C-F910-4DA2-A78D-4C59FE037339}.Release|Any CPU.Build.0 = Release|Any CPU
		{C8AF7215-8193-4080-87D5-411D7377D21F}.Debug|Any CPU.ActiveCfg = Debug|Any CPU
		{C8AF7215-8193-4080-87D5-411D7377D21F}.Debug|Any CPU.Build.0 = Debug|Any CPU
		{C8AF7215-8193-4080-87D5-411D7377D21F}.Release|Any CPU.ActiveCfg = Release|Any CPU
		{C8AF7215-8193-4080-87D5-411D7377D21F}.Release|Any CPU.Build.0 = Release|Any CPU
		{9F79D421-5BE8-4997-A02C-117936B27E1D}.Debug|Any CPU.ActiveCfg = Debug|Any CPU
		{9F79D421-5BE8-4997-A02C-117936B27E1D}.Debug|Any CPU.Build.0 = Debug|Any CPU
		{9F79D421-5BE8-4997-A02C-117936B27E1D}.Release|Any CPU.ActiveCfg = Release|Any CPU
		{9F79D421-5BE8-4997-A02C-117936B27E1D}.Release|Any CPU.Build.0 = Release|Any CPU
		{ED51C58B-5B96-4730-BE5D-D0969DF6CB7F}.Debug|Any CPU.ActiveCfg = Debug|Any CPU
		{ED51C58B-5B96-4730-BE5D-D0969DF6CB7F}.Debug|Any CPU.Build.0 = Debug|Any CPU
		{ED51C58B-5B96-4730-BE5D-D0969DF6CB7F}.Release|Any CPU.ActiveCfg = Release|Any CPU
		{ED51C58B-5B96-4730-BE5D-D0969DF6CB7F}.Release|Any CPU.Build.0 = Release|Any CPU
	EndGlobalSection
	GlobalSection(SolutionProperties) = preSolution
		HideSolutionNode = FALSE
	EndGlobalSection
	GlobalSection(NestedProjects) = preSolution
		{084814A4-3082-4BD6-8217-7ED194127E29} = {157EBCF8-5250-4FEE-A137-0F05261C7601}
		{4885796F-C653-4025-A068-896A930341CB} = {084814A4-3082-4BD6-8217-7ED194127E29}
		{3602DEAD-7F14-4113-B148-AD2D78480FD9} = {157EBCF8-5250-4FEE-A137-0F05261C7601}
		{C6929132-1774-4223-9D48-577270572923} = {3602DEAD-7F14-4113-B148-AD2D78480FD9}
		{4CADA572-06D0-4BAF-A6AF-FA4D1E552C62} = {157EBCF8-5250-4FEE-A137-0F05261C7601}
		{E91F2E2C-F910-4DA2-A78D-4C59FE037339} = {4CADA572-06D0-4BAF-A6AF-FA4D1E552C62}
		{C8AF7215-8193-4080-87D5-411D7377D21F} = {64AFC729-DB49-4254-BD82-89B61D1BC185}
		{8EDFA406-B17D-477E-BB7D-D49AA187EE4D} = {157EBCF8-5250-4FEE-A137-0F05261C7601}
		{9F79D421-5BE8-4997-A02C-117936B27E1D} = {8EDFA406-B17D-477E-BB7D-D49AA187EE4D}
		{ED51C58B-5B96-4730-BE5D-D0969DF6CB7F} = {E0728A22-A7E1-400F-B289-214ACF45ABC3}
	EndGlobalSection
EndGlobal
